
Microsoft Visual Studio Solution File, Format Version 12.00
# Visual Studio Version 17
VisualStudioVersion = 17.4.33213.308
MinimumVisualStudioVersion = 10.0.40219.1
Project("{9A19103F-16F7-4668-BE54-9A1E7A4F7556}") = "PackOfScouts", "PackOfScouts\PackOfScouts.csproj", "{6C87CCD3-F84B-4314-93D8-FE0565E86130}"
EndProject
Project("{9A19103F-16F7-4668-BE54-9A1E7A4F7556}") = "PackOfScouts.QrCode", "PackOfScouts.QrCode\PackOfScouts.QrCode.csproj", "{B8188F44-72E4-4B0C-BA42-8407CD8E8EBE}"
EndProject
Project("{9A19103F-16F7-4668-BE54-9A1E7A4F7556}") = "QRCodeDecoderLibraryCore", "QRCodeDecoderLibraryCore\QRCodeDecoderLibraryCore.csproj", "{7073D6A8-CF8E-4781-B73E-0DF3F736BE7B}"
EndProject
Global
	GlobalSection(SolutionConfigurationPlatforms) = preSolution
		Debug|Any CPU = Debug|Any CPU
		Debug|ARM = Debug|ARM
		Debug|ARM64 = Debug|ARM64
		Debug|x64 = Debug|x64
		Debug|x86 = Debug|x86
		Release|Any CPU = Release|Any CPU
		Release|ARM = Release|ARM
		Release|ARM64 = Release|ARM64
		Release|x64 = Release|x64
		Release|x86 = Release|x86
	EndGlobalSection
	GlobalSection(ProjectConfigurationPlatforms) = postSolution
		{6C87CCD3-F84B-4314-93D8-FE0565E86130}.Debug|Any CPU.ActiveCfg = Debug|Any CPU
		{6C87CCD3-F84B-4314-93D8-FE0565E86130}.Debug|Any CPU.Build.0 = Debug|Any CPU
		{6C87CCD3-F84B-4314-93D8-FE0565E86130}.Debug|Any CPU.Deploy.0 = Debug|Any CPU
		{6C87CCD3-F84B-4314-93D8-FE0565E86130}.Debug|ARM.ActiveCfg = Debug|Any CPU
		{6C87CCD3-F84B-4314-93D8-FE0565E86130}.Debug|ARM.Build.0 = Debug|Any CPU
		{6C87CCD3-F84B-4314-93D8-FE0565E86130}.Debug|ARM.Deploy.0 = Debug|Any CPU
		{6C87CCD3-F84B-4314-93D8-FE0565E86130}.Debug|ARM64.ActiveCfg = Debug|Any CPU
		{6C87CCD3-F84B-4314-93D8-FE0565E86130}.Debug|ARM64.Build.0 = Debug|Any CPU
		{6C87CCD3-F84B-4314-93D8-FE0565E86130}.Debug|ARM64.Deploy.0 = Debug|Any CPU
		{6C87CCD3-F84B-4314-93D8-FE0565E86130}.Debug|x64.ActiveCfg = Debug|Any CPU
		{6C87CCD3-F84B-4314-93D8-FE0565E86130}.Debug|x64.Build.0 = Debug|Any CPU
		{6C87CCD3-F84B-4314-93D8-FE0565E86130}.Debug|x64.Deploy.0 = Debug|Any CPU
		{6C87CCD3-F84B-4314-93D8-FE0565E86130}.Debug|x86.ActiveCfg = Debug|Any CPU
		{6C87CCD3-F84B-4314-93D8-FE0565E86130}.Debug|x86.Build.0 = Debug|Any CPU
		{6C87CCD3-F84B-4314-93D8-FE0565E86130}.Debug|x86.Deploy.0 = Debug|Any CPU
		{6C87CCD3-F84B-4314-93D8-FE0565E86130}.Release|Any CPU.ActiveCfg = Release|Any CPU
		{6C87CCD3-F84B-4314-93D8-FE0565E86130}.Release|Any CPU.Build.0 = Release|Any CPU
		{6C87CCD3-F84B-4314-93D8-FE0565E86130}.Release|ARM.ActiveCfg = Release|Any CPU
		{6C87CCD3-F84B-4314-93D8-FE0565E86130}.Release|ARM.Build.0 = Release|Any CPU
		{6C87CCD3-F84B-4314-93D8-FE0565E86130}.Release|ARM.Deploy.0 = Release|Any CPU
		{6C87CCD3-F84B-4314-93D8-FE0565E86130}.Release|ARM64.ActiveCfg = Release|Any CPU
		{6C87CCD3-F84B-4314-93D8-FE0565E86130}.Release|ARM64.Build.0 = Release|Any CPU
		{6C87CCD3-F84B-4314-93D8-FE0565E86130}.Release|ARM64.Deploy.0 = Release|Any CPU
		{6C87CCD3-F84B-4314-93D8-FE0565E86130}.Release|x64.ActiveCfg = Release|Any CPU
		{6C87CCD3-F84B-4314-93D8-FE0565E86130}.Release|x64.Build.0 = Release|Any CPU
		{6C87CCD3-F84B-4314-93D8-FE0565E86130}.Release|x64.Deploy.0 = Release|Any CPU
		{6C87CCD3-F84B-4314-93D8-FE0565E86130}.Release|x86.ActiveCfg = Release|Any CPU
		{6C87CCD3-F84B-4314-93D8-FE0565E86130}.Release|x86.Build.0 = Release|Any CPU
		{6C87CCD3-F84B-4314-93D8-FE0565E86130}.Release|x86.Deploy.0 = Release|Any CPU
		{B8188F44-72E4-4B0C-BA42-8407CD8E8EBE}.Debug|Any CPU.ActiveCfg = Debug|Any CPU
		{B8188F44-72E4-4B0C-BA42-8407CD8E8EBE}.Debug|Any CPU.Build.0 = Debug|Any CPU
		{B8188F44-72E4-4B0C-BA42-8407CD8E8EBE}.Debug|ARM.ActiveCfg = Debug|Any CPU
		{B8188F44-72E4-4B0C-BA42-8407CD8E8EBE}.Debug|ARM.Build.0 = Debug|Any CPU
		{B8188F44-72E4-4B0C-BA42-8407CD8E8EBE}.Debug|ARM64.ActiveCfg = Debug|Any CPU
		{B8188F44-72E4-4B0C-BA42-8407CD8E8EBE}.Debug|ARM64.Build.0 = Debug|Any CPU
		{B8188F44-72E4-4B0C-BA42-8407CD8E8EBE}.Debug|x64.ActiveCfg = Debug|Any CPU
		{B8188F44-72E4-4B0C-BA42-8407CD8E8EBE}.Debug|x64.Build.0 = Debug|Any CPU
		{B8188F44-72E4-4B0C-BA42-8407CD8E8EBE}.Debug|x86.ActiveCfg = Debug|Any CPU
		{B8188F44-72E4-4B0C-BA42-8407CD8E8EBE}.Debug|x86.Build.0 = Debug|Any CPU
		{B8188F44-72E4-4B0C-BA42-8407CD8E8EBE}.Release|Any CPU.ActiveCfg = Release|Any CPU
		{B8188F44-72E4-4B0C-BA42-8407CD8E8EBE}.Release|Any CPU.Build.0 = Release|Any CPU
		{B8188F44-72E4-4B0C-BA42-8407CD8E8EBE}.Release|ARM.ActiveCfg = Release|Any CPU
		{B8188F44-72E4-4B0C-BA42-8407CD8E8EBE}.Release|ARM.Build.0 = Release|Any CPU
		{B8188F44-72E4-4B0C-BA42-8407CD8E8EBE}.Release|ARM64.ActiveCfg = Release|Any CPU
		{B8188F44-72E4-4B0C-BA42-8407CD8E8EBE}.Release|ARM64.Build.0 = Release|Any CPU
		{B8188F44-72E4-4B0C-BA42-8407CD8E8EBE}.Release|x64.ActiveCfg = Release|Any CPU
		{B8188F44-72E4-4B0C-BA42-8407CD8E8EBE}.Release|x64.Build.0 = Release|Any CPU
		{B8188F44-72E4-4B0C-BA42-8407CD8E8EBE}.Release|x86.ActiveCfg = Release|Any CPU
		{B8188F44-72E4-4B0C-BA42-8407CD8E8EBE}.Release|x86.Build.0 = Release|Any CPU
		{7073D6A8-CF8E-4781-B73E-0DF3F736BE7B}.Debug|Any CPU.ActiveCfg = Debug|Any CPU
		{7073D6A8-CF8E-4781-B73E-0DF3F736BE7B}.Debug|Any CPU.Build.0 = Debug|Any CPU
		{7073D6A8-CF8E-4781-B73E-0DF3F736BE7B}.Debug|ARM.ActiveCfg = Debug|Any CPU
		{7073D6A8-CF8E-4781-B73E-0DF3F736BE7B}.Debug|ARM.Build.0 = Debug|Any CPU
		{7073D6A8-CF8E-4781-B73E-0DF3F736BE7B}.Debug|ARM64.ActiveCfg = Debug|Any CPU
		{7073D6A8-CF8E-4781-B73E-0DF3F736BE7B}.Debug|ARM64.Build.0 = Debug|Any CPU
		{7073D6A8-CF8E-4781-B73E-0DF3F736BE7B}.Debug|x64.ActiveCfg = Debug|Any CPU
		{7073D6A8-CF8E-4781-B73E-0DF3F736BE7B}.Debug|x64.Build.0 = Debug|Any CPU
		{7073D6A8-CF8E-4781-B73E-0DF3F736BE7B}.Debug|x86.ActiveCfg = Debug|Any CPU
		{7073D6A8-CF8E-4781-B73E-0DF3F736BE7B}.Debug|x86.Build.0 = Debug|Any CPU
		{7073D6A8-CF8E-4781-B73E-0DF3F736BE7B}.Release|Any CPU.ActiveCfg = Release|Any CPU
		{7073D6A8-CF8E-4781-B73E-0DF3F736BE7B}.Release|Any CPU.Build.0 = Release|Any CPU
		{7073D6A8-CF8E-4781-B73E-0DF3F736BE7B}.Release|ARM.ActiveCfg = Release|Any CPU
		{7073D6A8-CF8E-4781-B73E-0DF3F736BE7B}.Release|ARM.Build.0 = Release|Any CPU
		{7073D6A8-CF8E-4781-B73E-0DF3F736BE7B}.Release|ARM64.ActiveCfg = Release|Any CPU
		{7073D6A8-CF8E-4781-B73E-0DF3F736BE7B}.Release|ARM64.Build.0 = Release|Any CPU
		{7073D6A8-CF8E-4781-B73E-0DF3F736BE7B}.Release|x64.ActiveCfg = Release|Any CPU
		{7073D6A8-CF8E-4781-B73E-0DF3F736BE7B}.Release|x64.Build.0 = Release|Any CPU
		{7073D6A8-CF8E-4781-B73E-0DF3F736BE7B}.Release|x86.ActiveCfg = Release|Any CPU
		{7073D6A8-CF8E-4781-B73E-0DF3F736BE7B}.Release|x86.Build.0 = Release|Any CPU
	EndGlobalSection
	GlobalSection(SolutionProperties) = preSolution
		HideSolutionNode = FALSE
	EndGlobalSection
	GlobalSection(ExtensibilityGlobals) = postSolution
		SolutionGuid = {E4D02765-2E34-4D3D-A486-E4E685A1C4F8}
	EndGlobalSection
EndGlobal
